
Microsoft Visual Studio Solution File, Format Version 12.00
# Visual Studio Version 17
VisualStudioVersion = 17.4.33205.214
MinimumVisualStudioVersion = 10.0.40219.1
Project("{FAE04EC0-301F-11D3-BF4B-00C04F79EFBC}") = "ClassLibrary2", "ClassLibrary2\ClassLibrary2.csproj", "{6C44A506-63ED-4B62-984C-C4DED9FFC602}"
EndProject
Project("{FAE04EC0-301F-11D3-BF4B-00C04F79EFBC}") = "ClassLibrary2.Tests", "ClassLibrary2.Tests\ClassLibrary2.Tests.csproj", "{1A854F95-5CB9-422B-889D-D7E3637722A2}"
EndProject
Global
	GlobalSection(SolutionConfigurationPlatforms) = preSolution
		Debug|Any CPU = Debug|Any CPU
		Release|Any CPU = Release|Any CPU
	EndGlobalSection
	GlobalSection(ProjectConfigurationPlatforms) = postSolution
		{6C44A506-63ED-4B62-984C-C4DED9FFC602}.Debug|Any CPU.ActiveCfg = Debug|Any CPU
		{6C44A506-63ED-4B62-984C-C4DED9FFC602}.Debug|Any CPU.Build.0 = Debug|Any CPU
		{6C44A506-63ED-4B62-984C-C4DED9FFC602}.Release|Any CPU.ActiveCfg = Release|Any CPU
		{6C44A506-63ED-4B62-984C-C4DED9FFC602}.Release|Any CPU.Build.0 = Release|Any CPU
		{1A854F95-5CB9-422B-889D-D7E3637722A2}.Debug|Any CPU.ActiveCfg = Debug|Any CPU
		{1A854F95-5CB9-422B-889D-D7E3637722A2}.Debug|Any CPU.Build.0 = Debug|Any CPU
		{1A854F95-5CB9-422B-889D-D7E3637722A2}.Release|Any CPU.ActiveCfg = Release|Any CPU
		{1A854F95-5CB9-422B-889D-D7E3637722A2}.Release|Any CPU.Build.0 = Release|Any CPU
	EndGlobalSection
	GlobalSection(SolutionProperties) = preSolution
		HideSolutionNode = FALSE
	EndGlobalSection
	GlobalSection(ExtensibilityGlobals) = postSolution
		SolutionGuid = {0F68C18D-0FBC-469C-A3BA-EA76F41A6BB8}
	EndGlobalSection
EndGlobal
